
Microsoft Visual Studio Solution File, Format Version 12.00
# Visual Studio 2012
Project("{FAE04EC0-301F-11D3-BF4B-00C04F79EFBC}") = "ActiveAttributes.Core", "ActiveAttributes.Core\ActiveAttributes.Core.csproj", "{24A9CBC1-7AEA-4CD0-9C83-5374CC5B1AD1}"
EndProject
Project("{FAE04EC0-301F-11D3-BF4B-00C04F79EFBC}") = "ActiveAttributes.UnitTests", "ActiveAttributes.UnitTests\ActiveAttributes.UnitTests.csproj", "{6C3DF317-2340-4945-A870-B9106FD7CDF0}"
EndProject
Project("{FAE04EC0-301F-11D3-BF4B-00C04F79EFBC}") = "ActiveAttributes.IntegrationTests", "ActiveAttributes.IntegrationTests\ActiveAttributes.IntegrationTests.csproj", "{550D08D9-B5F7-4B9A-ADF4-429D54229243}"
EndProject
Project("{FAE04EC0-301F-11D3-BF4B-00C04F79EFBC}") = "ActiveAttributes.UseCases", "ActiveAttributes.UseCases\ActiveAttributes.UseCases.csproj", "{6CFC2025-BA06-44CB-AC4B-C5940E937FED}"
EndProject
Project("{FAE04EC0-301F-11D3-BF4B-00C04F79EFBC}") = "ActiveAttributes.Common", "ActiveAttributes.Common\ActiveAttributes.Common.csproj", "{6E268C4B-A875-4071-8108-44E2FDFF864C}"
EndProject
Project("{FAE04EC0-301F-11D3-BF4B-00C04F79EFBC}") = "ActiveAttributes.Common.UnitTests", "ActiveAttributes.Common.UnitTests\ActiveAttributes.Common.UnitTests.csproj", "{491E0580-1440-4820-B5EE-6A1C54385C27}"
EndProject
Project("{FAE04EC0-301F-11D3-BF4B-00C04F79EFBC}") = "ActiveAttributes.Benchmarks", "ActiveAttributes.Benchmarks\ActiveAttributes.Benchmarks.csproj", "{90225195-A99B-4EA1-8104-4D6FB4608AD3}"
EndProject
Project("{2150E333-8FDC-42A3-9474-1A3956D46DE8}") = "Benchmarks", "Benchmarks", "{9D89CEF9-CE32-4377-955A-A9370DA232BB}"
EndProject
Project("{FAE04EC0-301F-11D3-BF4B-00C04F79EFBC}") = "LinFu", "Base\LinFu.csproj", "{B7124166-DD28-4FE5-9C68-9A37DC7A03AB}"
EndProject
Project("{FAE04EC0-301F-11D3-BF4B-00C04F79EFBC}") = "PostSharp_", "PostSharp\PostSharp_.csproj", "{9436CE77-EA15-4BA9-81FB-0572886A8C23}"
EndProject
Project("{2150E333-8FDC-42A3-9474-1A3956D46DE8}") = "Solution Items", "Solution Items", "{34F7CD76-032A-415C-A7FF-74849B011CEB}"
	ProjectSection(SolutionItems) = preProject
		TextFile1.txt = TextFile1.txt
	EndProjectSection
EndProject
Project("{2150E333-8FDC-42A3-9474-1A3956D46DE8}") = "TestAssemblies", "TestAssemblies", "{61BC5505-53C0-4C47-B431-BF7B721EF2EB}"
EndProject
Project("{FAE04EC0-301F-11D3-BF4B-00C04F79EFBC}") = "AssemblyWithAttribute", "AssemblyWithAttribute\AssemblyWithAttribute.csproj", "{9708E1D6-28FA-45AF-BBA8-D69E2FFD42F7}"
EndProject
Global
	GlobalSection(SolutionConfigurationPlatforms) = preSolution
		Debug|Any CPU = Debug|Any CPU
		Debug|Mixed Platforms = Debug|Mixed Platforms
		Debug|x86 = Debug|x86
		Release|Any CPU = Release|Any CPU
		Release|Mixed Platforms = Release|Mixed Platforms
		Release|x86 = Release|x86
	EndGlobalSection
	GlobalSection(ProjectConfigurationPlatforms) = postSolution
		{24A9CBC1-7AEA-4CD0-9C83-5374CC5B1AD1}.Debug|Any CPU.ActiveCfg = Debug|Any CPU
		{24A9CBC1-7AEA-4CD0-9C83-5374CC5B1AD1}.Debug|Any CPU.Build.0 = Debug|Any CPU
		{24A9CBC1-7AEA-4CD0-9C83-5374CC5B1AD1}.Debug|Mixed Platforms.ActiveCfg = Debug|Any CPU
		{24A9CBC1-7AEA-4CD0-9C83-5374CC5B1AD1}.Debug|Mixed Platforms.Build.0 = Debug|Any CPU
		{24A9CBC1-7AEA-4CD0-9C83-5374CC5B1AD1}.Debug|x86.ActiveCfg = Debug|Any CPU
		{24A9CBC1-7AEA-4CD0-9C83-5374CC5B1AD1}.Release|Any CPU.ActiveCfg = Release|Any CPU
		{24A9CBC1-7AEA-4CD0-9C83-5374CC5B1AD1}.Release|Any CPU.Build.0 = Release|Any CPU
		{24A9CBC1-7AEA-4CD0-9C83-5374CC5B1AD1}.Release|Mixed Platforms.ActiveCfg = Release|Any CPU
		{24A9CBC1-7AEA-4CD0-9C83-5374CC5B1AD1}.Release|Mixed Platforms.Build.0 = Release|Any CPU
		{24A9CBC1-7AEA-4CD0-9C83-5374CC5B1AD1}.Release|x86.ActiveCfg = Release|Any CPU
		{6C3DF317-2340-4945-A870-B9106FD7CDF0}.Debug|Any CPU.ActiveCfg = Debug|Any CPU
		{6C3DF317-2340-4945-A870-B9106FD7CDF0}.Debug|Any CPU.Build.0 = Debug|Any CPU
		{6C3DF317-2340-4945-A870-B9106FD7CDF0}.Debug|Mixed Platforms.ActiveCfg = Debug|Any CPU
		{6C3DF317-2340-4945-A870-B9106FD7CDF0}.Debug|Mixed Platforms.Build.0 = Debug|Any CPU
		{6C3DF317-2340-4945-A870-B9106FD7CDF0}.Debug|x86.ActiveCfg = Debug|Any CPU
		{6C3DF317-2340-4945-A870-B9106FD7CDF0}.Release|Any CPU.ActiveCfg = Release|Any CPU
		{6C3DF317-2340-4945-A870-B9106FD7CDF0}.Release|Any CPU.Build.0 = Release|Any CPU
		{6C3DF317-2340-4945-A870-B9106FD7CDF0}.Release|Mixed Platforms.ActiveCfg = Release|Any CPU
		{6C3DF317-2340-4945-A870-B9106FD7CDF0}.Release|Mixed Platforms.Build.0 = Release|Any CPU
		{6C3DF317-2340-4945-A870-B9106FD7CDF0}.Release|x86.ActiveCfg = Release|Any CPU
		{550D08D9-B5F7-4B9A-ADF4-429D54229243}.Debug|Any CPU.ActiveCfg = Debug|Any CPU
		{550D08D9-B5F7-4B9A-ADF4-429D54229243}.Debug|Any CPU.Build.0 = Debug|Any CPU
		{550D08D9-B5F7-4B9A-ADF4-429D54229243}.Debug|Mixed Platforms.ActiveCfg = Debug|Any CPU
		{550D08D9-B5F7-4B9A-ADF4-429D54229243}.Debug|Mixed Platforms.Build.0 = Debug|Any CPU
		{550D08D9-B5F7-4B9A-ADF4-429D54229243}.Debug|x86.ActiveCfg = Debug|Any CPU
		{550D08D9-B5F7-4B9A-ADF4-429D54229243}.Release|Any CPU.ActiveCfg = Release|Any CPU
		{550D08D9-B5F7-4B9A-ADF4-429D54229243}.Release|Any CPU.Build.0 = Release|Any CPU
		{550D08D9-B5F7-4B9A-ADF4-429D54229243}.Release|Mixed Platforms.ActiveCfg = Release|Any CPU
		{550D08D9-B5F7-4B9A-ADF4-429D54229243}.Release|Mixed Platforms.Build.0 = Release|Any CPU
		{550D08D9-B5F7-4B9A-ADF4-429D54229243}.Release|x86.ActiveCfg = Release|Any CPU
		{6CFC2025-BA06-44CB-AC4B-C5940E937FED}.Debug|Any CPU.ActiveCfg = Debug|x86
		{6CFC2025-BA06-44CB-AC4B-C5940E937FED}.Debug|Mixed Platforms.ActiveCfg = Debug|x86
		{6CFC2025-BA06-44CB-AC4B-C5940E937FED}.Debug|Mixed Platforms.Build.0 = Debug|x86
		{6CFC2025-BA06-44CB-AC4B-C5940E937FED}.Debug|x86.ActiveCfg = Debug|x86
		{6CFC2025-BA06-44CB-AC4B-C5940E937FED}.Debug|x86.Build.0 = Debug|x86
		{6CFC2025-BA06-44CB-AC4B-C5940E937FED}.Release|Any CPU.ActiveCfg = Release|x86
		{6CFC2025-BA06-44CB-AC4B-C5940E937FED}.Release|Mixed Platforms.ActiveCfg = Release|x86
		{6CFC2025-BA06-44CB-AC4B-C5940E937FED}.Release|Mixed Platforms.Build.0 = Release|x86
		{6CFC2025-BA06-44CB-AC4B-C5940E937FED}.Release|x86.ActiveCfg = Release|x86
		{6CFC2025-BA06-44CB-AC4B-C5940E937FED}.Release|x86.Build.0 = Release|x86
		{6E268C4B-A875-4071-8108-44E2FDFF864C}.Debug|Any CPU.ActiveCfg = Debug|Any CPU
		{6E268C4B-A875-4071-8108-44E2FDFF864C}.Debug|Any CPU.Build.0 = Debug|Any CPU
		{6E268C4B-A875-4071-8108-44E2FDFF864C}.Debug|Mixed Platforms.ActiveCfg = Debug|Any CPU
		{6E268C4B-A875-4071-8108-44E2FDFF864C}.Debug|Mixed Platforms.Build.0 = Debug|Any CPU
		{6E268C4B-A875-4071-8108-44E2FDFF864C}.Debug|x86.ActiveCfg = Debug|Any CPU
		{6E268C4B-A875-4071-8108-44E2FDFF864C}.Release|Any CPU.ActiveCfg = Release|Any CPU
		{6E268C4B-A875-4071-8108-44E2FDFF864C}.Release|Any CPU.Build.0 = Release|Any CPU
		{6E268C4B-A875-4071-8108-44E2FDFF864C}.Release|Mixed Platforms.ActiveCfg = Release|Any CPU
		{6E268C4B-A875-4071-8108-44E2FDFF864C}.Release|Mixed Platforms.Build.0 = Release|Any CPU
		{6E268C4B-A875-4071-8108-44E2FDFF864C}.Release|x86.ActiveCfg = Release|Any CPU
		{491E0580-1440-4820-B5EE-6A1C54385C27}.Debug|Any CPU.ActiveCfg = Debug|Any CPU
		{491E0580-1440-4820-B5EE-6A1C54385C27}.Debug|Any CPU.Build.0 = Debug|Any CPU
		{491E0580-1440-4820-B5EE-6A1C54385C27}.Debug|Mixed Platforms.ActiveCfg = Debug|Any CPU
		{491E0580-1440-4820-B5EE-6A1C54385C27}.Debug|Mixed Platforms.Build.0 = Debug|Any CPU
		{491E0580-1440-4820-B5EE-6A1C54385C27}.Debug|x86.ActiveCfg = Debug|Any CPU
		{491E0580-1440-4820-B5EE-6A1C54385C27}.Release|Any CPU.ActiveCfg = Release|Any CPU
		{491E0580-1440-4820-B5EE-6A1C54385C27}.Release|Any CPU.Build.0 = Release|Any CPU
		{491E0580-1440-4820-B5EE-6A1C54385C27}.Release|Mixed Platforms.ActiveCfg = Release|Any CPU
		{491E0580-1440-4820-B5EE-6A1C54385C27}.Release|Mixed Platforms.Build.0 = Release|Any CPU
		{491E0580-1440-4820-B5EE-6A1C54385C27}.Release|x86.ActiveCfg = Release|Any CPU
		{90225195-A99B-4EA1-8104-4D6FB4608AD3}.Debug|Any CPU.ActiveCfg = Debug|Any CPU
		{90225195-A99B-4EA1-8104-4D6FB4608AD3}.Debug|Any CPU.Build.0 = Debug|Any CPU
		{90225195-A99B-4EA1-8104-4D6FB4608AD3}.Debug|Mixed Platforms.ActiveCfg = Debug|Any CPU
		{90225195-A99B-4EA1-8104-4D6FB4608AD3}.Debug|Mixed Platforms.Build.0 = Debug|Any CPU
		{90225195-A99B-4EA1-8104-4D6FB4608AD3}.Debug|x86.ActiveCfg = Debug|Any CPU
		{90225195-A99B-4EA1-8104-4D6FB4608AD3}.Release|Any CPU.ActiveCfg = Release|Any CPU
		{90225195-A99B-4EA1-8104-4D6FB4608AD3}.Release|Any CPU.Build.0 = Release|Any CPU
		{90225195-A99B-4EA1-8104-4D6FB4608AD3}.Release|Mixed Platforms.ActiveCfg = Release|Any CPU
		{90225195-A99B-4EA1-8104-4D6FB4608AD3}.Release|Mixed Platforms.Build.0 = Release|Any CPU
		{90225195-A99B-4EA1-8104-4D6FB4608AD3}.Release|x86.ActiveCfg = Release|Any CPU
		{B7124166-DD28-4FE5-9C68-9A37DC7A03AB}.Debug|Any CPU.ActiveCfg = Debug|Any CPU
		{B7124166-DD28-4FE5-9C68-9A37DC7A03AB}.Debug|Any CPU.Build.0 = Debug|Any CPU
		{B7124166-DD28-4FE5-9C68-9A37DC7A03AB}.Debug|Mixed Platforms.ActiveCfg = Debug|Any CPU
		{B7124166-DD28-4FE5-9C68-9A37DC7A03AB}.Debug|Mixed Platforms.Build.0 = Debug|Any CPU
		{B7124166-DD28-4FE5-9C68-9A37DC7A03AB}.Debug|x86.ActiveCfg = Debug|Any CPU
		{B7124166-DD28-4FE5-9C68-9A37DC7A03AB}.Release|Any CPU.ActiveCfg = Release|Any CPU
		{B7124166-DD28-4FE5-9C68-9A37DC7A03AB}.Release|Any CPU.Build.0 = Release|Any CPU
		{B7124166-DD28-4FE5-9C68-9A37DC7A03AB}.Release|Mixed Platforms.ActiveCfg = Release|Any CPU
		{B7124166-DD28-4FE5-9C68-9A37DC7A03AB}.Release|Mixed Platforms.Build.0 = Release|Any CPU
		{B7124166-DD28-4FE5-9C68-9A37DC7A03AB}.Release|x86.ActiveCfg = Release|Any CPU
		{9436CE77-EA15-4BA9-81FB-0572886A8C23}.Debug|Any CPU.ActiveCfg = Debug|Any CPU
		{9436CE77-EA15-4BA9-81FB-0572886A8C23}.Debug|Any CPU.Build.0 = Debug|Any CPU
		{9436CE77-EA15-4BA9-81FB-0572886A8C23}.Debug|Mixed Platforms.ActiveCfg = Debug|Any CPU
		{9436CE77-EA15-4BA9-81FB-0572886A8C23}.Debug|Mixed Platforms.Build.0 = Debug|Any CPU
		{9436CE77-EA15-4BA9-81FB-0572886A8C23}.Debug|x86.ActiveCfg = Debug|Any CPU
		{9436CE77-EA15-4BA9-81FB-0572886A8C23}.Release|Any CPU.ActiveCfg = Release|Any CPU
		{9436CE77-EA15-4BA9-81FB-0572886A8C23}.Release|Any CPU.Build.0 = Release|Any CPU
		{9436CE77-EA15-4BA9-81FB-0572886A8C23}.Release|Mixed Platforms.ActiveCfg = Release|Any CPU
		{9436CE77-EA15-4BA9-81FB-0572886A8C23}.Release|Mixed Platforms.Build.0 = Release|Any CPU
		{9436CE77-EA15-4BA9-81FB-0572886A8C23}.Release|x86.ActiveCfg = Release|Any CPU
		{9708E1D6-28FA-45AF-BBA8-D69E2FFD42F7}.Debug|Any CPU.ActiveCfg = Debug|Any CPU
		{9708E1D6-28FA-45AF-BBA8-D69E2FFD42F7}.Debug|Any CPU.Build.0 = Debug|Any CPU
		{9708E1D6-28FA-45AF-BBA8-D69E2FFD42F7}.Debug|Mixed Platforms.ActiveCfg = Debug|Any CPU
		{9708E1D6-28FA-45AF-BBA8-D69E2FFD42F7}.Debug|Mixed Platforms.Build.0 = Debug|Any CPU
		{9708E1D6-28FA-45AF-BBA8-D69E2FFD42F7}.Debug|x86.ActiveCfg = Debug|Any CPU
		{9708E1D6-28FA-45AF-BBA8-D69E2FFD42F7}.Release|Any CPU.ActiveCfg = Release|Any CPU
		{9708E1D6-28FA-45AF-BBA8-D69E2FFD42F7}.Release|Any CPU.Build.0 = Release|Any CPU
		{9708E1D6-28FA-45AF-BBA8-D69E2FFD42F7}.Release|Mixed Platforms.ActiveCfg = Release|Any CPU
		{9708E1D6-28FA-45AF-BBA8-D69E2FFD42F7}.Release|Mixed Platforms.Build.0 = Release|Any CPU
		{9708E1D6-28FA-45AF-BBA8-D69E2FFD42F7}.Release|x86.ActiveCfg = Release|Any CPU
	EndGlobalSection
	GlobalSection(SolutionProperties) = preSolution
		HideSolutionNode = FALSE
	EndGlobalSection
	GlobalSection(NestedProjects) = preSolution
		{B7124166-DD28-4FE5-9C68-9A37DC7A03AB} = {9D89CEF9-CE32-4377-955A-A9370DA232BB}
		{9436CE77-EA15-4BA9-81FB-0572886A8C23} = {9D89CEF9-CE32-4377-955A-A9370DA232BB}
		{9708E1D6-28FA-45AF-BBA8-D69E2FFD42F7} = {61BC5505-53C0-4C47-B431-BF7B721EF2EB}
	EndGlobalSection
EndGlobal
